
Microsoft Visual Studio Solution File, Format Version 12.00
Project("{FAE04EC0-301F-11D3-BF4B-00C04F79EFBC}") = "PcapConverter", "PcapConverter\PcapConverter.csproj", "{DF3B72B9-B710-4F25-8110-C79B138ABF60}"
EndProject
Project("{FAE04EC0-301F-11D3-BF4B-00C04F79EFBC}") = "PcapConverterTests", "PcapConverterTests\PcapConverterTests.csproj", "{9F1F5B95-7543-41B2-8C5D-581F3BF16E8A}"
EndProject
Global
	GlobalSection(SolutionConfigurationPlatforms) = preSolution
		Debug|Any CPU = Debug|Any CPU
		Release|Any CPU = Release|Any CPU
	EndGlobalSection
	GlobalSection(ProjectConfigurationPlatforms) = postSolution
		{DF3B72B9-B710-4F25-8110-C79B138ABF60}.Debug|Any CPU.ActiveCfg = Debug|Any CPU
		{DF3B72B9-B710-4F25-8110-C79B138ABF60}.Debug|Any CPU.Build.0 = Debug|Any CPU
		{DF3B72B9-B710-4F25-8110-C79B138ABF60}.Release|Any CPU.ActiveCfg = Release|Any CPU
		{DF3B72B9-B710-4F25-8110-C79B138ABF60}.Release|Any CPU.Build.0 = Release|Any CPU
		{9F1F5B95-7543-41B2-8C5D-581F3BF16E8A}.Debug|Any CPU.ActiveCfg = Debug|Any CPU
		{9F1F5B95-7543-41B2-8C5D-581F3BF16E8A}.Debug|Any CPU.Build.0 = Debug|Any CPU
		{9F1F5B95-7543-41B2-8C5D-581F3BF16E8A}.Release|Any CPU.ActiveCfg = Release|Any CPU
		{9F1F5B95-7543-41B2-8C5D-581F3BF16E8A}.Release|Any CPU.Build.0 = Release|Any CPU
	EndGlobalSection
EndGlobal
